
Microsoft Visual Studio Solution File, Format Version 12.00
# Visual Studio Version 17
VisualStudioVersion = 17.8.34511.84
MinimumVisualStudioVersion = 10.0.40219.1
Project("{9A19103F-16F7-4668-BE54-9A1E7A4F7556}") = "VivesBlog.Ui.Mvc", "VivesBlog.Ui.Mvc\VivesBlog.Ui.Mvc.csproj", "{075CA47C-CD9E-4403-BA0B-5A27819501C9}"
EndProject
Project("{9A19103F-16F7-4668-BE54-9A1E7A4F7556}") = "VivesBlog.Core", "VivesBlog.Core\VivesBlog.Core.csproj", "{E951A32E-7E8C-4A2D-A929-54B635E4127B}"
EndProject
Project("{9A19103F-16F7-4668-BE54-9A1E7A4F7556}") = "VivesBlog.Model", "VivesBlog.Model\VivesBlog.Model.csproj", "{4959D30C-693F-4889-819B-1B35EC6D1523}"
EndProject
Project("{9A19103F-16F7-4668-BE54-9A1E7A4F7556}") = "VivesBlog.Services", "VivesBlog.Services\VivesBlog.Services.csproj", "{2358C2AE-DBC7-4F06-B553-63CE9833E061}"
EndProject
Project("{9A19103F-16F7-4668-BE54-9A1E7A4F7556}") = "VivesBlog.Dtos", "VivesBlog.Dtos\VivesBlog.Dtos.csproj", "{025DFD8E-6752-4DE6-823F-F3365B2D8633}"
EndProject
Project("{9A19103F-16F7-4668-BE54-9A1E7A4F7556}") = "VivesBlog.Api", "VivesBlog.Api\VivesBlog.Api.csproj", "{8392E882-3BE4-4E1C-B54B-B544BC0D3F8D}"
EndProject
Project("{9A19103F-16F7-4668-BE54-9A1E7A4F7556}") = "Vives.Services.Model", "Vives.Services.Model\Vives.Services.Model.csproj", "{1629C07F-1CFA-4A0A-99C0-D763A328F320}"
EndProject
Project("{2150E333-8FDC-42A3-9474-1A3956D46DE8}") = "Api", "Api", "{CDC2DF4F-A78B-4866-A95C-425A7D4EE81A}"
EndProject
Project("{2150E333-8FDC-42A3-9474-1A3956D46DE8}") = "Core", "Core", "{3B60F95E-BB3C-47E2-9024-C91AB24227A9}"
EndProject
Project("{2150E333-8FDC-42A3-9474-1A3956D46DE8}") = "Vives", "Vives", "{90EBA14D-148A-46A6-AF2C-02DEE89C89EB}"
EndProject
Project("{2150E333-8FDC-42A3-9474-1A3956D46DE8}") = "UI", "UI", "{08231DDA-EFDE-43B5-9496-822344F975F7}"
EndProject
Project("{2150E333-8FDC-42A3-9474-1A3956D46DE8}") = "Services", "Services", "{D334A47F-DCCB-4263-AD1C-5C0C0F44CBFE}"
EndProject
Project("{FAE04EC0-301F-11D3-BF4B-00C04F79EFBC}") = "VivesBlog.Sdk", "VivesBlog.Sdk\VivesBlog.Sdk.csproj", "{C9E54CD1-4F22-4E74-AE8E-274DBA42462E}"
EndProject
Project("{FAE04EC0-301F-11D3-BF4B-00C04F79EFBC}") = "Vives.Presentation.Authentication", "Vives.Presentation.Authentication\Vives.Presentation.Authentication.csproj", "{B798F12C-464F-40FF-BE0A-977DDA3AFEAD}"
EndProject
Project("{2150E333-8FDC-42A3-9474-1A3956D46DE8}") = "Solution Items", "Solution Items", "{640E3ADF-7E45-40D9-9942-EAD10B231DFB}"
EndProject
Project("{FAE04EC0-301F-11D3-BF4B-00C04F79EFBC}") = "VivesBlog.Configuration", "VivesBlog.Configuration\VivesBlog.Configuration.csproj", "{C75214E7-DA8C-4327-88CC-5EED6555295A}"
EndProject
Project("{FAE04EC0-301F-11D3-BF4B-00C04F79EFBC}") = "Vives.Net.Http", "Vives.Net.Http\Vives.Net.Http.csproj", "{74A9D31E-A2DB-490B-B6C3-B8E29735E2A2}"
EndProject
Project("{FAE04EC0-301F-11D3-BF4B-00C04F79EFBC}") = "VivesBlog.ConsoleApp", "VivesBlog.ConsoleApp\VivesBlog.ConsoleApp.csproj", "{C9AAA310-DC07-427F-8C56-5013F4E3C8CC}"
EndProject
Global
	GlobalSection(SolutionConfigurationPlatforms) = preSolution
		Debug|Any CPU = Debug|Any CPU
		Release|Any CPU = Release|Any CPU
	EndGlobalSection
	GlobalSection(ProjectConfigurationPlatforms) = postSolution
		{075CA47C-CD9E-4403-BA0B-5A27819501C9}.Debug|Any CPU.ActiveCfg = Debug|Any CPU
		{075CA47C-CD9E-4403-BA0B-5A27819501C9}.Debug|Any CPU.Build.0 = Debug|Any CPU
		{075CA47C-CD9E-4403-BA0B-5A27819501C9}.Release|Any CPU.ActiveCfg = Release|Any CPU
		{075CA47C-CD9E-4403-BA0B-5A27819501C9}.Release|Any CPU.Build.0 = Release|Any CPU
		{E951A32E-7E8C-4A2D-A929-54B635E4127B}.Debug|Any CPU.ActiveCfg = Debug|Any CPU
		{E951A32E-7E8C-4A2D-A929-54B635E4127B}.Debug|Any CPU.Build.0 = Debug|Any CPU
		{E951A32E-7E8C-4A2D-A929-54B635E4127B}.Release|Any CPU.ActiveCfg = Release|Any CPU
		{E951A32E-7E8C-4A2D-A929-54B635E4127B}.Release|Any CPU.Build.0 = Release|Any CPU
		{4959D30C-693F-4889-819B-1B35EC6D1523}.Debug|Any CPU.ActiveCfg = Debug|Any CPU
		{4959D30C-693F-4889-819B-1B35EC6D1523}.Debug|Any CPU.Build.0 = Debug|Any CPU
		{4959D30C-693F-4889-819B-1B35EC6D1523}.Release|Any CPU.ActiveCfg = Release|Any CPU
		{4959D30C-693F-4889-819B-1B35EC6D1523}.Release|Any CPU.Build.0 = Release|Any CPU
		{2358C2AE-DBC7-4F06-B553-63CE9833E061}.Debug|Any CPU.ActiveCfg = Debug|Any CPU
		{2358C2AE-DBC7-4F06-B553-63CE9833E061}.Debug|Any CPU.Build.0 = Debug|Any CPU
		{2358C2AE-DBC7-4F06-B553-63CE9833E061}.Release|Any CPU.ActiveCfg = Release|Any CPU
		{2358C2AE-DBC7-4F06-B553-63CE9833E061}.Release|Any CPU.Build.0 = Release|Any CPU
		{025DFD8E-6752-4DE6-823F-F3365B2D8633}.Debug|Any CPU.ActiveCfg = Debug|Any CPU
		{025DFD8E-6752-4DE6-823F-F3365B2D8633}.Debug|Any CPU.Build.0 = Debug|Any CPU
		{025DFD8E-6752-4DE6-823F-F3365B2D8633}.Release|Any CPU.ActiveCfg = Release|Any CPU
		{025DFD8E-6752-4DE6-823F-F3365B2D8633}.Release|Any CPU.Build.0 = Release|Any CPU
		{8392E882-3BE4-4E1C-B54B-B544BC0D3F8D}.Debug|Any CPU.ActiveCfg = Debug|Any CPU
		{8392E882-3BE4-4E1C-B54B-B544BC0D3F8D}.Debug|Any CPU.Build.0 = Debug|Any CPU
		{8392E882-3BE4-4E1C-B54B-B544BC0D3F8D}.Release|Any CPU.ActiveCfg = Release|Any CPU
		{8392E882-3BE4-4E1C-B54B-B544BC0D3F8D}.Release|Any CPU.Build.0 = Release|Any CPU
		{1629C07F-1CFA-4A0A-99C0-D763A328F320}.Debug|Any CPU.ActiveCfg = Debug|Any CPU
		{1629C07F-1CFA-4A0A-99C0-D763A328F320}.Debug|Any CPU.Build.0 = Debug|Any CPU
		{1629C07F-1CFA-4A0A-99C0-D763A328F320}.Release|Any CPU.ActiveCfg = Release|Any CPU
		{1629C07F-1CFA-4A0A-99C0-D763A328F320}.Release|Any CPU.Build.0 = Release|Any CPU
		{C9E54CD1-4F22-4E74-AE8E-274DBA42462E}.Debug|Any CPU.ActiveCfg = Debug|Any CPU
		{C9E54CD1-4F22-4E74-AE8E-274DBA42462E}.Debug|Any CPU.Build.0 = Debug|Any CPU
		{C9E54CD1-4F22-4E74-AE8E-274DBA42462E}.Release|Any CPU.ActiveCfg = Release|Any CPU
		{C9E54CD1-4F22-4E74-AE8E-274DBA42462E}.Release|Any CPU.Build.0 = Release|Any CPU
		{B798F12C-464F-40FF-BE0A-977DDA3AFEAD}.Debug|Any CPU.ActiveCfg = Debug|Any CPU
		{B798F12C-464F-40FF-BE0A-977DDA3AFEAD}.Debug|Any CPU.Build.0 = Debug|Any CPU
		{B798F12C-464F-40FF-BE0A-977DDA3AFEAD}.Release|Any CPU.ActiveCfg = Release|Any CPU
		{B798F12C-464F-40FF-BE0A-977DDA3AFEAD}.Release|Any CPU.Build.0 = Release|Any CPU
		{C75214E7-DA8C-4327-88CC-5EED6555295A}.Debug|Any CPU.ActiveCfg = Debug|Any CPU
		{C75214E7-DA8C-4327-88CC-5EED6555295A}.Debug|Any CPU.Build.0 = Debug|Any CPU
		{C75214E7-DA8C-4327-88CC-5EED6555295A}.Release|Any CPU.ActiveCfg = Release|Any CPU
		{C75214E7-DA8C-4327-88CC-5EED6555295A}.Release|Any CPU.Build.0 = Release|Any CPU
		{74A9D31E-A2DB-490B-B6C3-B8E29735E2A2}.Debug|Any CPU.ActiveCfg = Debug|Any CPU
		{74A9D31E-A2DB-490B-B6C3-B8E29735E2A2}.Debug|Any CPU.Build.0 = Debug|Any CPU
		{74A9D31E-A2DB-490B-B6C3-B8E29735E2A2}.Release|Any CPU.ActiveCfg = Release|Any CPU
		{74A9D31E-A2DB-490B-B6C3-B8E29735E2A2}.Release|Any CPU.Build.0 = Release|Any CPU
		{C9AAA310-DC07-427F-8C56-5013F4E3C8CC}.Debug|Any CPU.ActiveCfg = Debug|Any CPU
		{C9AAA310-DC07-427F-8C56-5013F4E3C8CC}.Debug|Any CPU.Build.0 = Debug|Any CPU
		{C9AAA310-DC07-427F-8C56-5013F4E3C8CC}.Release|Any CPU.ActiveCfg = Release|Any CPU
		{C9AAA310-DC07-427F-8C56-5013F4E3C8CC}.Release|Any CPU.Build.0 = Release|Any CPU
	EndGlobalSection
	GlobalSection(SolutionProperties) = preSolution
		HideSolutionNode = FALSE
	EndGlobalSection
	GlobalSection(NestedProjects) = preSolution
		{075CA47C-CD9E-4403-BA0B-5A27819501C9} = {08231DDA-EFDE-43B5-9496-822344F975F7}
		{E951A32E-7E8C-4A2D-A929-54B635E4127B} = {3B60F95E-BB3C-47E2-9024-C91AB24227A9}
		{4959D30C-693F-4889-819B-1B35EC6D1523} = {3B60F95E-BB3C-47E2-9024-C91AB24227A9}
		{2358C2AE-DBC7-4F06-B553-63CE9833E061} = {D334A47F-DCCB-4263-AD1C-5C0C0F44CBFE}
		{025DFD8E-6752-4DE6-823F-F3365B2D8633} = {D334A47F-DCCB-4263-AD1C-5C0C0F44CBFE}
		{8392E882-3BE4-4E1C-B54B-B544BC0D3F8D} = {CDC2DF4F-A78B-4866-A95C-425A7D4EE81A}
		{1629C07F-1CFA-4A0A-99C0-D763A328F320} = {90EBA14D-148A-46A6-AF2C-02DEE89C89EB}
		{C9E54CD1-4F22-4E74-AE8E-274DBA42462E} = {CDC2DF4F-A78B-4866-A95C-425A7D4EE81A}
		{B798F12C-464F-40FF-BE0A-977DDA3AFEAD} = {90EBA14D-148A-46A6-AF2C-02DEE89C89EB}
		{640E3ADF-7E45-40D9-9942-EAD10B231DFB} = {3B60F95E-BB3C-47E2-9024-C91AB24227A9}
		{C75214E7-DA8C-4327-88CC-5EED6555295A} = {640E3ADF-7E45-40D9-9942-EAD10B231DFB}
		{74A9D31E-A2DB-490B-B6C3-B8E29735E2A2} = {90EBA14D-148A-46A6-AF2C-02DEE89C89EB}
		{C9AAA310-DC07-427F-8C56-5013F4E3C8CC} = {08231DDA-EFDE-43B5-9496-822344F975F7}
	EndGlobalSection
	GlobalSection(ExtensibilityGlobals) = postSolution
		SolutionGuid = {FA28C332-C1FA-43BF-90A1-775BD9DC2247}
	EndGlobalSection
EndGlobal
